
Microsoft Visual Studio Solution File, Format Version 12.00
# Visual Studio Version 17
VisualStudioVersion = 17.0.31717.71
MinimumVisualStudioVersion = 15.0.26124.0
Project("{2150E333-8FDC-42A3-9474-1A3956D46DE8}") = "Solution Items", "Solution Items", "{29C81B48-7ADA-4C89-B454-45B623039C09}"
	ProjectSection(SolutionItems) = preProject
		..\.editorconfig = ..\.editorconfig
	EndProjectSection
EndProject
Project("{FAE04EC0-301F-11D3-BF4B-00C04F79EFBC}") = "Minesweeper", "Minesweeper\Minesweeper.csproj", "{6F60A312-F381-499F-8DA7-7C2938D1DC1D}"
EndProject
Project("{FAE04EC0-301F-11D3-BF4B-00C04F79EFBC}") = "Minesweeper.Tests", "Minesweeper.Tests\Minesweeper.Tests.csproj", "{32514664-D01B-4312-A85A-E1887D6F767E}"
EndProject
Global
	GlobalSection(SolutionConfigurationPlatforms) = preSolution
		Debug|Any CPU = Debug|Any CPU
		Debug|x64 = Debug|x64
		Debug|x86 = Debug|x86
		Release|Any CPU = Release|Any CPU
		Release|x64 = Release|x64
		Release|x86 = Release|x86
	EndGlobalSection
	GlobalSection(ProjectConfigurationPlatforms) = postSolution
		{6F60A312-F381-499F-8DA7-7C2938D1DC1D}.Debug|Any CPU.ActiveCfg = Debug|Any CPU
		{6F60A312-F381-499F-8DA7-7C2938D1DC1D}.Debug|Any CPU.Build.0 = Debug|Any CPU
		{6F60A312-F381-499F-8DA7-7C2938D1DC1D}.Debug|x64.ActiveCfg = Debug|Any CPU
		{6F60A312-F381-499F-8DA7-7C2938D1DC1D}.Debug|x64.Build.0 = Debug|Any CPU
		{6F60A312-F381-499F-8DA7-7C2938D1DC1D}.Debug|x86.ActiveCfg = Debug|Any CPU
		{6F60A312-F381-499F-8DA7-7C2938D1DC1D}.Debug|x86.Build.0 = Debug|Any CPU
		{6F60A312-F381-499F-8DA7-7C2938D1DC1D}.Release|Any CPU.ActiveCfg = Release|Any CPU
		{6F60A312-F381-499F-8DA7-7C2938D1DC1D}.Release|Any CPU.Build.0 = Release|Any CPU
		{6F60A312-F381-499F-8DA7-7C2938D1DC1D}.Release|x64.ActiveCfg = Release|Any CPU
		{6F60A312-F381-499F-8DA7-7C2938D1DC1D}.Release|x64.Build.0 = Release|Any CPU
		{6F60A312-F381-499F-8DA7-7C2938D1DC1D}.Release|x86.ActiveCfg = Release|Any CPU
		{6F60A312-F381-499F-8DA7-7C2938D1DC1D}.Release|x86.Build.0 = Release|Any CPU
		{32514664-D01B-4312-A85A-E1887D6F767E}.Debug|Any CPU.ActiveCfg = Debug|Any CPU
		{32514664-D01B-4312-A85A-E1887D6F767E}.Debug|Any CPU.Build.0 = Debug|Any CPU
		{32514664-D01B-4312-A85A-E1887D6F767E}.Debug|x64.ActiveCfg = Debug|Any CPU
		{32514664-D01B-4312-A85A-E1887D6F767E}.Debug|x64.Build.0 = Debug|Any CPU
		{32514664-D01B-4312-A85A-E1887D6F767E}.Debug|x86.ActiveCfg = Debug|Any CPU
		{32514664-D01B-4312-A85A-E1887D6F767E}.Debug|x86.Build.0 = Debug|Any CPU
		{32514664-D01B-4312-A85A-E1887D6F767E}.Release|Any CPU.ActiveCfg = Release|Any CPU
		{32514664-D01B-4312-A85A-E1887D6F767E}.Release|Any CPU.Build.0 = Release|Any CPU
		{32514664-D01B-4312-A85A-E1887D6F767E}.Release|x64.ActiveCfg = Release|Any CPU
		{32514664-D01B-4312-A85A-E1887D6F767E}.Release|x64.Build.0 = Release|Any CPU
		{32514664-D01B-4312-A85A-E1887D6F767E}.Release|x86.ActiveCfg = Release|Any CPU
		{32514664-D01B-4312-A85A-E1887D6F767E}.Release|x86.Build.0 = Release|Any CPU
	EndGlobalSection
	GlobalSection(SolutionProperties) = preSolution
		HideSolutionNode = FALSE
	EndGlobalSection
	GlobalSection(ExtensibilityGlobals) = postSolution
		SolutionGuid = {EBF86A4A-E639-4F62-AAEE-EAD045707B45}
	EndGlobalSection
EndGlobal
